github.com/adityatelange/hugo-PaperMod v0.0.0-20240107104123-71ce72b1bfb8 h1:byqcpj7xzQexXLLP8OSBQDtcS1jzMw2EeFEfvKPoM/U=
github.com/adityatelange/hugo-PaperMod v0.0.0-20240107104123-71ce72b1bfb8/go.mod h1:HCHxNMKYdGafUYjVV3ICiAqznZK2yH0iI53jqcDFDdQ=
github.com/leafee98/hugo-theme-flat v0.0.0-20230911064802-9aebccb59046 h1:ne1mgnEirQ6HHTaa5Y0VJUrvv8mqrVuMIHzmWaQPAr4=
github.com/leafee98/hugo-theme-flat v0.0.0-20230911064802-9aebccb59046/go.mod h1:Oz7GRO6rOgv2JLFcCBQ8GPH61gsiutHuIY5qaZUXv4w=
